
Microsoft Visual Studio Solution File, Format Version 12.00
# Visual Studio Version 17
VisualStudioVersion = 17.3.32804.467
MinimumVisualStudioVersion = 10.0.40219.1
Project("{FAE04EC0-301F-11D3-BF4B-00C04F79EFBC}") = "PilasYColas__App", "PilasYColas__App\PilasYColas__App.csproj", "{552BA365-B4AB-413F-B9C6-7E58A3B7C552}"
EndProject
Global
	GlobalSection(SolutionConfigurationPlatforms) = preSolution
		Debug|Any CPU = Debug|Any CPU
		Release|Any CPU = Release|Any CPU
	EndGlobalSection
	GlobalSection(ProjectConfigurationPlatforms) = postSolution
		{552BA365-B4AB-413F-B9C6-7E58A3B7C552}.Debug|Any CPU.ActiveCfg = Debug|Any CPU
		{552BA365-B4AB-413F-B9C6-7E58A3B7C552}.Debug|Any CPU.Build.0 = Debug|Any CPU
		{552BA365-B4AB-413F-B9C6-7E58A3B7C552}.Release|Any CPU.ActiveCfg = Release|Any CPU
		{552BA365-B4AB-413F-B9C6-7E58A3B7C552}.Release|Any CPU.Build.0 = Release|Any CPU
	EndGlobalSection
	GlobalSection(SolutionProperties) = preSolution
		HideSolutionNode = FALSE
	EndGlobalSection
	GlobalSection(ExtensibilityGlobals) = postSolution
		SolutionGuid = {8BC4D712-E533-4D76-9504-E837BA834EA7}
	EndGlobalSection
EndGlobal
